
Microsoft Visual Studio Solution File, Format Version 12.00
# Visual Studio Version 17
VisualStudioVersion = 17.11.35312.102
MinimumVisualStudioVersion = 10.0.40219.1
Project("{FAE04EC0-301F-11D3-BF4B-00C04F79EFBC}") = "ControleStructuren5_ Machtsverheffing", "ControleStructuren5_ Machtsverheffing.csproj", "{365F7F73-B14E-4C21-8DB6-0223C45DBF3C}"
EndProject
Global
	GlobalSection(SolutionConfigurationPlatforms) = preSolution
		Debug|Any CPU = Debug|Any CPU
		Release|Any CPU = Release|Any CPU
	EndGlobalSection
	GlobalSection(ProjectConfigurationPlatforms) = postSolution
		{365F7F73-B14E-4C21-8DB6-0223C45DBF3C}.Debug|Any CPU.ActiveCfg = Debug|Any CPU
		{365F7F73-B14E-4C21-8DB6-0223C45DBF3C}.Debug|Any CPU.Build.0 = Debug|Any CPU
		{365F7F73-B14E-4C21-8DB6-0223C45DBF3C}.Release|Any CPU.ActiveCfg = Release|Any CPU
		{365F7F73-B14E-4C21-8DB6-0223C45DBF3C}.Release|Any CPU.Build.0 = Release|Any CPU
	EndGlobalSection
	GlobalSection(SolutionProperties) = preSolution
		HideSolutionNode = FALSE
	EndGlobalSection
	GlobalSection(ExtensibilityGlobals) = postSolution
		SolutionGuid = {3BC8AAEA-6B32-4484-AD37-0662EA0045CD}
	EndGlobalSection
EndGlobal
